
Microsoft Visual Studio Solution File, Format Version 12.00
# Visual Studio Version 17
VisualStudioVersion = 17.11.35303.130
MinimumVisualStudioVersion = 10.0.40219.1
Project("{FAE04EC0-301F-11D3-BF4B-00C04F79EFBC}") = "AlquilerVehicular", "AlquilerVehicular.csproj", "{39C5B2B6-CD98-45FF-B0DE-CD9B259A3751}"
EndProject
Global
	GlobalSection(SolutionConfigurationPlatforms) = preSolution
		Debug|Any CPU = Debug|Any CPU
		Release|Any CPU = Release|Any CPU
	EndGlobalSection
	GlobalSection(ProjectConfigurationPlatforms) = postSolution
		{39C5B2B6-CD98-45FF-B0DE-CD9B259A3751}.Debug|Any CPU.ActiveCfg = Debug|Any CPU
		{39C5B2B6-CD98-45FF-B0DE-CD9B259A3751}.Debug|Any CPU.Build.0 = Debug|Any CPU
		{39C5B2B6-CD98-45FF-B0DE-CD9B259A3751}.Release|Any CPU.ActiveCfg = Release|Any CPU
		{39C5B2B6-CD98-45FF-B0DE-CD9B259A3751}.Release|Any CPU.Build.0 = Release|Any CPU
	EndGlobalSection
	GlobalSection(SolutionProperties) = preSolution
		HideSolutionNode = FALSE
	EndGlobalSection
	GlobalSection(ExtensibilityGlobals) = postSolution
		SolutionGuid = {25EC28FA-51DA-46D3-9845-E087AD3B897D}
	EndGlobalSection
EndGlobal
